
Microsoft Visual Studio Solution File, Format Version 12.00
# Visual Studio Version 17
VisualStudioVersion = 17.10.35004.147
MinimumVisualStudioVersion = 10.0.40219.1
Project("{9A19103F-16F7-4668-BE54-9A1E7A4F7556}") = "Producer", "Sender\Producer.csproj", "{D432DE56-8D22-41EF-8161-693D7FCBA60D}"
EndProject
Project("{9A19103F-16F7-4668-BE54-9A1E7A4F7556}") = "Comsumer", "Comsumer\Comsumer.csproj", "{F456047E-F606-4676-939D-85E6F5DEA991}"
EndProject
Project("{2150E333-8FDC-42A3-9474-1A3956D46DE8}") = "Domains", "Domains", "{C5D07439-4E5A-4806-8340-6BF94D5B8787}"
EndProject
Project("{2150E333-8FDC-42A3-9474-1A3956D46DE8}") = "Microservices", "Microservices", "{7BF99FC9-4936-413F-A56A-D5C1A55370F9}"
EndProject
Project("{2150E333-8FDC-42A3-9474-1A3956D46DE8}") = "Presentation", "Presentation", "{F9316013-11E1-4201-AEE3-E28C9963EA0E}"
EndProject
Project("{2150E333-8FDC-42A3-9474-1A3956D46DE8}") = "Infra.Bus", "Infra.Bus", "{921CC4ED-D057-4B3F-A91F-1223EC6DEE92}"
EndProject
Project("{2150E333-8FDC-42A3-9474-1A3956D46DE8}") = "Infra.IOC", "Infra.IOC", "{6754FCEF-1F1A-4BD1-8CC1-CDD0FA73A2F4}"
EndProject
Project("{9A19103F-16F7-4668-BE54-9A1E7A4F7556}") = "MicroRabbit.Domain.Core", "MicroRabbit.Domain.Core\MicroRabbit.Domain.Core.csproj", "{62739627-361C-4127-8152-EC993DE5DA73}"
EndProject
Project("{9A19103F-16F7-4668-BE54-9A1E7A4F7556}") = "MicroRabbit.Infra.Bus", "MicroRabbit.Infra.Bus\MicroRabbit.Infra.Bus.csproj", "{96AAB03E-8DD6-46E7-8FB8-D0FA36B52111}"
EndProject
Project("{9A19103F-16F7-4668-BE54-9A1E7A4F7556}") = "MicroRabbit.Infra.IoC", "MicroRabbit.Infra.IoC\MicroRabbit.Infra.IoC.csproj", "{AF59799A-C02C-4464-ACCB-706D3EFA8F43}"
EndProject
Project("{2150E333-8FDC-42A3-9474-1A3956D46DE8}") = "Banking", "Banking", "{EEA6640F-3F8F-42E8-856C-9BC35F10671F}"
EndProject
Project("{2150E333-8FDC-42A3-9474-1A3956D46DE8}") = "Api", "Api", "{3E58FB7F-600D-4FD5-B27D-817C3049D622}"
EndProject
Project("{2150E333-8FDC-42A3-9474-1A3956D46DE8}") = "Application", "Application", "{B9F906B7-48BF-4106-85D6-6BCAE14EE340}"
EndProject
Project("{2150E333-8FDC-42A3-9474-1A3956D46DE8}") = "Data", "Data", "{374C36CB-CB8F-4CD6-81D5-AFE3EC4578E9}"
EndProject
Project("{2150E333-8FDC-42A3-9474-1A3956D46DE8}") = "Domain", "Domain", "{595EEBFE-FB8D-4F12-81D3-55AFA6B6F1BD}"
EndProject
Project("{9A19103F-16F7-4668-BE54-9A1E7A4F7556}") = "MicroRabbit.Banking.Api", "MicroRabbit.Banking.Api\MicroRabbit.Banking.Api.csproj", "{8C8A7155-47C8-4CF8-8E63-09F94C1F5004}"
EndProject
Project("{9A19103F-16F7-4668-BE54-9A1E7A4F7556}") = "MicroRabbit.Banking.Application", "MicroRabbit.Banking.Application\MicroRabbit.Banking.Application.csproj", "{F343FF6A-6157-466C-9B22-7DB0F303F46F}"
EndProject
Project("{9A19103F-16F7-4668-BE54-9A1E7A4F7556}") = "MicroRabbit.Banking.Data", "MicroRabbit.Banking.Data\MicroRabbit.Banking.Data.csproj", "{84D4D138-9D64-4CF6-8276-E1C089F6E709}"
EndProject
Project("{9A19103F-16F7-4668-BE54-9A1E7A4F7556}") = "MicroRabbit.Banking.Domain", "MicroRabbit.Banking.Domain\MicroRabbit.Banking.Domain.csproj", "{2C6335B7-3DD7-45CF-BD94-0DBDC88BD497}"
EndProject
Project("{2150E333-8FDC-42A3-9474-1A3956D46DE8}") = "Transfer", "Transfer", "{6B405212-4AF1-4D11-BDC7-3E01419FB7AA}"
EndProject
Project("{2150E333-8FDC-42A3-9474-1A3956D46DE8}") = "Api", "Api", "{15C81A37-DECC-4534-9BA6-302FC53DA22C}"
EndProject
Project("{2150E333-8FDC-42A3-9474-1A3956D46DE8}") = "Application", "Application", "{78ED8C5E-8AB8-473A-8F6B-FCD6D10B143F}"
EndProject
Project("{2150E333-8FDC-42A3-9474-1A3956D46DE8}") = "Data", "Data", "{37DB312B-79B4-4190-8499-C47B586441F7}"
EndProject
Project("{2150E333-8FDC-42A3-9474-1A3956D46DE8}") = "Domain", "Domain", "{40863571-97BE-48C6-B8D9-DB1BD42D13DC}"
EndProject
Project("{FAE04EC0-301F-11D3-BF4B-00C04F79EFBC}") = "MicroRabbit.Transfer.Api", "MicroRabbit.Transfer.Api\MicroRabbit.Transfer.Api.csproj", "{7BFF2B3F-077E-45A5-8B32-E363C6E7EB0A}"
EndProject
Project("{FAE04EC0-301F-11D3-BF4B-00C04F79EFBC}") = "MicroRabbit.Transfer.Application", "MicroRabbit.Transfer.Application\MicroRabbit.Transfer.Application.csproj", "{5993E83C-5334-496E-8B23-9CA6D29E79EE}"
EndProject
Project("{FAE04EC0-301F-11D3-BF4B-00C04F79EFBC}") = "MicroRabbit.Transfer.Data", "MicroRabbit.Transfer.Data\MicroRabbit.Transfer.Data.csproj", "{F68E4DFF-8632-48B4-84CB-A120FF9CC906}"
EndProject
Project("{FAE04EC0-301F-11D3-BF4B-00C04F79EFBC}") = "MicroRabbit.Transfer.Domain", "MicroRabbit.Transfer.Domain\MicroRabbit.Transfer.Domain.csproj", "{A9C72824-9DF9-46E3-AD41-63C53F30754E}"
EndProject
Global
	GlobalSection(SolutionConfigurationPlatforms) = preSolution
		Debug|Any CPU = Debug|Any CPU
		Release|Any CPU = Release|Any CPU
	EndGlobalSection
	GlobalSection(ProjectConfigurationPlatforms) = postSolution
		{D432DE56-8D22-41EF-8161-693D7FCBA60D}.Debug|Any CPU.ActiveCfg = Debug|Any CPU
		{D432DE56-8D22-41EF-8161-693D7FCBA60D}.Debug|Any CPU.Build.0 = Debug|Any CPU
		{D432DE56-8D22-41EF-8161-693D7FCBA60D}.Release|Any CPU.ActiveCfg = Release|Any CPU
		{D432DE56-8D22-41EF-8161-693D7FCBA60D}.Release|Any CPU.Build.0 = Release|Any CPU
		{F456047E-F606-4676-939D-85E6F5DEA991}.Debug|Any CPU.ActiveCfg = Debug|Any CPU
		{F456047E-F606-4676-939D-85E6F5DEA991}.Debug|Any CPU.Build.0 = Debug|Any CPU
		{F456047E-F606-4676-939D-85E6F5DEA991}.Release|Any CPU.ActiveCfg = Release|Any CPU
		{F456047E-F606-4676-939D-85E6F5DEA991}.Release|Any CPU.Build.0 = Release|Any CPU
		{62739627-361C-4127-8152-EC993DE5DA73}.Debug|Any CPU.ActiveCfg = Debug|Any CPU
		{62739627-361C-4127-8152-EC993DE5DA73}.Debug|Any CPU.Build.0 = Debug|Any CPU
		{62739627-361C-4127-8152-EC993DE5DA73}.Release|Any CPU.ActiveCfg = Release|Any CPU
		{62739627-361C-4127-8152-EC993DE5DA73}.Release|Any CPU.Build.0 = Release|Any CPU
		{96AAB03E-8DD6-46E7-8FB8-D0FA36B52111}.Debug|Any CPU.ActiveCfg = Debug|Any CPU
		{96AAB03E-8DD6-46E7-8FB8-D0FA36B52111}.Debug|Any CPU.Build.0 = Debug|Any CPU
		{96AAB03E-8DD6-46E7-8FB8-D0FA36B52111}.Release|Any CPU.ActiveCfg = Release|Any CPU
		{96AAB03E-8DD6-46E7-8FB8-D0FA36B52111}.Release|Any CPU.Build.0 = Release|Any CPU
		{AF59799A-C02C-4464-ACCB-706D3EFA8F43}.Debug|Any CPU.ActiveCfg = Debug|Any CPU
		{AF59799A-C02C-4464-ACCB-706D3EFA8F43}.Debug|Any CPU.Build.0 = Debug|Any CPU
		{AF59799A-C02C-4464-ACCB-706D3EFA8F43}.Release|Any CPU.ActiveCfg = Release|Any CPU
		{AF59799A-C02C-4464-ACCB-706D3EFA8F43}.Release|Any CPU.Build.0 = Release|Any CPU
		{8C8A7155-47C8-4CF8-8E63-09F94C1F5004}.Debug|Any CPU.ActiveCfg = Debug|Any CPU
		{8C8A7155-47C8-4CF8-8E63-09F94C1F5004}.Debug|Any CPU.Build.0 = Debug|Any CPU
		{8C8A7155-47C8-4CF8-8E63-09F94C1F5004}.Release|Any CPU.ActiveCfg = Release|Any CPU
		{8C8A7155-47C8-4CF8-8E63-09F94C1F5004}.Release|Any CPU.Build.0 = Release|Any CPU
		{F343FF6A-6157-466C-9B22-7DB0F303F46F}.Debug|Any CPU.ActiveCfg = Debug|Any CPU
		{F343FF6A-6157-466C-9B22-7DB0F303F46F}.Debug|Any CPU.Build.0 = Debug|Any CPU
		{F343FF6A-6157-466C-9B22-7DB0F303F46F}.Release|Any CPU.ActiveCfg = Release|Any CPU
		{F343FF6A-6157-466C-9B22-7DB0F303F46F}.Release|Any CPU.Build.0 = Release|Any CPU
		{84D4D138-9D64-4CF6-8276-E1C089F6E709}.Debug|Any CPU.ActiveCfg = Debug|Any CPU
		{84D4D138-9D64-4CF6-8276-E1C089F6E709}.Debug|Any CPU.Build.0 = Debug|Any CPU
		{84D4D138-9D64-4CF6-8276-E1C089F6E709}.Release|Any CPU.ActiveCfg = Release|Any CPU
		{84D4D138-9D64-4CF6-8276-E1C089F6E709}.Release|Any CPU.Build.0 = Release|Any CPU
		{2C6335B7-3DD7-45CF-BD94-0DBDC88BD497}.Debug|Any CPU.ActiveCfg = Debug|Any CPU
		{2C6335B7-3DD7-45CF-BD94-0DBDC88BD497}.Debug|Any CPU.Build.0 = Debug|Any CPU
		{2C6335B7-3DD7-45CF-BD94-0DBDC88BD497}.Release|Any CPU.ActiveCfg = Release|Any CPU
		{2C6335B7-3DD7-45CF-BD94-0DBDC88BD497}.Release|Any CPU.Build.0 = Release|Any CPU
		{7BFF2B3F-077E-45A5-8B32-E363C6E7EB0A}.Debug|Any CPU.ActiveCfg = Debug|Any CPU
		{7BFF2B3F-077E-45A5-8B32-E363C6E7EB0A}.Debug|Any CPU.Build.0 = Debug|Any CPU
		{7BFF2B3F-077E-45A5-8B32-E363C6E7EB0A}.Release|Any CPU.ActiveCfg = Release|Any CPU
		{7BFF2B3F-077E-45A5-8B32-E363C6E7EB0A}.Release|Any CPU.Build.0 = Release|Any CPU
		{5993E83C-5334-496E-8B23-9CA6D29E79EE}.Debug|Any CPU.ActiveCfg = Debug|Any CPU
		{5993E83C-5334-496E-8B23-9CA6D29E79EE}.Debug|Any CPU.Build.0 = Debug|Any CPU
		{5993E83C-5334-496E-8B23-9CA6D29E79EE}.Release|Any CPU.ActiveCfg = Release|Any CPU
		{5993E83C-5334-496E-8B23-9CA6D29E79EE}.Release|Any CPU.Build.0 = Release|Any CPU
		{F68E4DFF-8632-48B4-84CB-A120FF9CC906}.Debug|Any CPU.ActiveCfg = Debug|Any CPU
		{F68E4DFF-8632-48B4-84CB-A120FF9CC906}.Debug|Any CPU.Build.0 = Debug|Any CPU
		{F68E4DFF-8632-48B4-84CB-A120FF9CC906}.Release|Any CPU.ActiveCfg = Release|Any CPU
		{F68E4DFF-8632-48B4-84CB-A120FF9CC906}.Release|Any CPU.Build.0 = Release|Any CPU
		{A9C72824-9DF9-46E3-AD41-63C53F30754E}.Debug|Any CPU.ActiveCfg = Debug|Any CPU
		{A9C72824-9DF9-46E3-AD41-63C53F30754E}.Debug|Any CPU.Build.0 = Debug|Any CPU
		{A9C72824-9DF9-46E3-AD41-63C53F30754E}.Release|Any CPU.ActiveCfg = Release|Any CPU
		{A9C72824-9DF9-46E3-AD41-63C53F30754E}.Release|Any CPU.Build.0 = Release|Any CPU
	EndGlobalSection
	GlobalSection(SolutionProperties) = preSolution
		HideSolutionNode = FALSE
	EndGlobalSection
	GlobalSection(NestedProjects) = preSolution
		{62739627-361C-4127-8152-EC993DE5DA73} = {C5D07439-4E5A-4806-8340-6BF94D5B8787}
		{96AAB03E-8DD6-46E7-8FB8-D0FA36B52111} = {921CC4ED-D057-4B3F-A91F-1223EC6DEE92}
		{AF59799A-C02C-4464-ACCB-706D3EFA8F43} = {6754FCEF-1F1A-4BD1-8CC1-CDD0FA73A2F4}
		{EEA6640F-3F8F-42E8-856C-9BC35F10671F} = {7BF99FC9-4936-413F-A56A-D5C1A55370F9}
		{3E58FB7F-600D-4FD5-B27D-817C3049D622} = {EEA6640F-3F8F-42E8-856C-9BC35F10671F}
		{B9F906B7-48BF-4106-85D6-6BCAE14EE340} = {EEA6640F-3F8F-42E8-856C-9BC35F10671F}
		{374C36CB-CB8F-4CD6-81D5-AFE3EC4578E9} = {EEA6640F-3F8F-42E8-856C-9BC35F10671F}
		{595EEBFE-FB8D-4F12-81D3-55AFA6B6F1BD} = {EEA6640F-3F8F-42E8-856C-9BC35F10671F}
		{8C8A7155-47C8-4CF8-8E63-09F94C1F5004} = {3E58FB7F-600D-4FD5-B27D-817C3049D622}
		{F343FF6A-6157-466C-9B22-7DB0F303F46F} = {B9F906B7-48BF-4106-85D6-6BCAE14EE340}
		{84D4D138-9D64-4CF6-8276-E1C089F6E709} = {374C36CB-CB8F-4CD6-81D5-AFE3EC4578E9}
		{2C6335B7-3DD7-45CF-BD94-0DBDC88BD497} = {595EEBFE-FB8D-4F12-81D3-55AFA6B6F1BD}
		{6B405212-4AF1-4D11-BDC7-3E01419FB7AA} = {7BF99FC9-4936-413F-A56A-D5C1A55370F9}
		{15C81A37-DECC-4534-9BA6-302FC53DA22C} = {6B405212-4AF1-4D11-BDC7-3E01419FB7AA}
		{78ED8C5E-8AB8-473A-8F6B-FCD6D10B143F} = {6B405212-4AF1-4D11-BDC7-3E01419FB7AA}
		{37DB312B-79B4-4190-8499-C47B586441F7} = {6B405212-4AF1-4D11-BDC7-3E01419FB7AA}
		{40863571-97BE-48C6-B8D9-DB1BD42D13DC} = {6B405212-4AF1-4D11-BDC7-3E01419FB7AA}
		{7BFF2B3F-077E-45A5-8B32-E363C6E7EB0A} = {15C81A37-DECC-4534-9BA6-302FC53DA22C}
		{5993E83C-5334-496E-8B23-9CA6D29E79EE} = {78ED8C5E-8AB8-473A-8F6B-FCD6D10B143F}
		{F68E4DFF-8632-48B4-84CB-A120FF9CC906} = {37DB312B-79B4-4190-8499-C47B586441F7}
		{A9C72824-9DF9-46E3-AD41-63C53F30754E} = {40863571-97BE-48C6-B8D9-DB1BD42D13DC}
	EndGlobalSection
	GlobalSection(ExtensibilityGlobals) = postSolution
		SolutionGuid = {0750FAFB-4599-44DE-8B5F-06BF1D2CB2B8}
	EndGlobalSection
EndGlobal
